
Microsoft Visual Studio Solution File, Format Version 12.00
# Visual Studio Version 17
VisualStudioVersion = 17.14.36301.6 d17.14
MinimumVisualStudioVersion = 10.0.40219.1
Project("{FAE04EC0-301F-11D3-BF4B-00C04F79EFBC}") = "ADONET", "ADONET\ADONET.csproj", "{C162186F-66E9-4B03-92E5-B32777726AFA}"
EndProject
Global
	GlobalSection(SolutionConfigurationPlatforms) = preSolution
		Debug|Any CPU = Debug|Any CPU
		Release|Any CPU = Release|Any CPU
	EndGlobalSection
	GlobalSection(ProjectConfigurationPlatforms) = postSolution
		{C162186F-66E9-4B03-92E5-B32777726AFA}.Debug|Any CPU.ActiveCfg = Debug|Any CPU
		{C162186F-66E9-4B03-92E5-B32777726AFA}.Debug|Any CPU.Build.0 = Debug|Any CPU
		{C162186F-66E9-4B03-92E5-B32777726AFA}.Release|Any CPU.ActiveCfg = Release|Any CPU
		{C162186F-66E9-4B03-92E5-B32777726AFA}.Release|Any CPU.Build.0 = Release|Any CPU
	EndGlobalSection
	GlobalSection(SolutionProperties) = preSolution
		HideSolutionNode = FALSE
	EndGlobalSection
	GlobalSection(ExtensibilityGlobals) = postSolution
		SolutionGuid = {906978DB-4955-4BAC-9A0D-4B58A93C9374}
	EndGlobalSection
EndGlobal
